
Microsoft Visual Studio Solution File, Format Version 12.00
# Visual Studio Version 16
VisualStudioVersion = 16.0.32002.261
MinimumVisualStudioVersion = 10.0.40219.1
Project("{FAE04EC0-301F-11D3-BF4B-00C04F79EFBC}") = "Task manager", "Task manager.csproj", "{9F4F1728-2FB6-403E-BC7D-607E4277A5A7}"
EndProject
Global
	GlobalSection(SolutionConfigurationPlatforms) = preSolution
		Debug|Any CPU = Debug|Any CPU
		Release|Any CPU = Release|Any CPU
	EndGlobalSection
	GlobalSection(ProjectConfigurationPlatforms) = postSolution
		{9F4F1728-2FB6-403E-BC7D-607E4277A5A7}.Debug|Any CPU.ActiveCfg = Debug|Any CPU
		{9F4F1728-2FB6-403E-BC7D-607E4277A5A7}.Debug|Any CPU.Build.0 = Debug|Any CPU
		{9F4F1728-2FB6-403E-BC7D-607E4277A5A7}.Release|Any CPU.ActiveCfg = Release|Any CPU
		{9F4F1728-2FB6-403E-BC7D-607E4277A5A7}.Release|Any CPU.Build.0 = Release|Any CPU
	EndGlobalSection
	GlobalSection(SolutionProperties) = preSolution
		HideSolutionNode = FALSE
	EndGlobalSection
	GlobalSection(ExtensibilityGlobals) = postSolution
		SolutionGuid = {000B71CD-E79D-4F7D-AEF9-CE85AC780A5C}
	EndGlobalSection
EndGlobal
